
Microsoft Visual Studio Solution File, Format Version 12.00
# Visual Studio Version 17
VisualStudioVersion = 17.0.31903.59
MinimumVisualStudioVersion = 10.0.40219.1
Project("{2150E333-8FDC-42A3-9474-1A3956D46DE8}") = "src", "src", "{F36BD266-CD75-4438-9BF9-CD91CDB18F2B}"
EndProject
Project("{FAE04EC0-301F-11D3-BF4B-00C04F79EFBC}") = "PaymentGateway.Api", "src\PaymentGateway.Api\PaymentGateway.Api.csproj", "{3CD9AAA2-2097-4874-9C40-FFDE26EE8E43}"
EndProject
Project("{FAE04EC0-301F-11D3-BF4B-00C04F79EFBC}") = "PaymentGateway.Core", "src\PaymentGateway.Core\PaymentGateway.Core.csproj", "{B1A2C3D4-E5F6-7890-ABCD-EF1234567890}"
EndProject
Project("{FAE04EC0-301F-11D3-BF4B-00C04F79EFBC}") = "PaymentGateway.Application", "src\PaymentGateway.Application\PaymentGateway.Application.csproj", "{A2B3C4D5-E6F7-8901-BCDE-F12345678901}"
EndProject
Project("{FAE04EC0-301F-11D3-BF4B-00C04F79EFBC}") = "PaymentGateway.Contracts", "src\PaymentGateway.Contracts\PaymentGateway.Contracts.csproj", "{E5F6A7B8-C9D0-1234-EF01-234567890123}"
EndProject
Project("{FAE04EC0-301F-11D3-BF4B-00C04F79EFBC}") = "PaymentGateway.Infrastructure", "src\PaymentGateway.Infrastructure\PaymentGateway.Infrastructure.csproj", "{C3D4E5F6-A7B8-9012-CDEF-012345678902}"
EndProject
Project("{2150E333-8FDC-42A3-9474-1A3956D46DE8}") = "test", "test", "{1EF69307-274F-458E-BBE8-4D390512A8C6}"
EndProject
Project("{FAE04EC0-301F-11D3-BF4B-00C04F79EFBC}") = "PaymentGateway.Api.Tests", "test\PaymentGateway.Api.Tests\PaymentGateway.Api.Tests.csproj", "{3A92D8D6-0359-4752-91AE-D8A59622518A}"
EndProject
Project("{FAE04EC0-301F-11D3-BF4B-00C04F79EFBC}") = "PaymentGateway.Application.Tests", "test\PaymentGateway.Application.Tests\PaymentGateway.Application.Tests.csproj", "{D4E5F6A7-B8C9-0123-DEF0-123456789012}"
EndProject
Project("{2150E333-8FDC-42A3-9474-1A3956D46DE8}") = "Solution Items", "Solution Items", "{93C68ECA-DDE4-4821-A5B5-CFDFD39FAF22}"
	ProjectSection(SolutionItems) = preProject
		.editorconfig = .editorconfig
		.gitignore = .gitignore
		docker-compose.yml = docker-compose.yml
		README.md = README.md
	EndProjectSection
EndProject
Project("{FAE04EC0-301F-11D3-BF4B-00C04F79EFBC}") = "PaymentGateway.Testing", "test\PaymentGateway.Testing\PaymentGateway.Testing.csproj", "{87562331-C9E9-4574-A0F3-4422D399711F}"
EndProject
Global
	GlobalSection(SolutionConfigurationPlatforms) = preSolution
		Debug|Any CPU = Debug|Any CPU
		Debug|x64 = Debug|x64
		Debug|x86 = Debug|x86
		Release|Any CPU = Release|Any CPU
		Release|x64 = Release|x64
		Release|x86 = Release|x86
	EndGlobalSection
	GlobalSection(ProjectConfigurationPlatforms) = postSolution
		{3CD9AAA2-2097-4874-9C40-FFDE26EE8E43}.Debug|Any CPU.ActiveCfg = Debug|Any CPU
		{3CD9AAA2-2097-4874-9C40-FFDE26EE8E43}.Debug|Any CPU.Build.0 = Debug|Any CPU
		{3CD9AAA2-2097-4874-9C40-FFDE26EE8E43}.Debug|x64.ActiveCfg = Debug|Any CPU
		{3CD9AAA2-2097-4874-9C40-FFDE26EE8E43}.Debug|x64.Build.0 = Debug|Any CPU
		{3CD9AAA2-2097-4874-9C40-FFDE26EE8E43}.Debug|x86.ActiveCfg = Debug|Any CPU
		{3CD9AAA2-2097-4874-9C40-FFDE26EE8E43}.Debug|x86.Build.0 = Debug|Any CPU
		{3CD9AAA2-2097-4874-9C40-FFDE26EE8E43}.Release|Any CPU.ActiveCfg = Release|Any CPU
		{3CD9AAA2-2097-4874-9C40-FFDE26EE8E43}.Release|Any CPU.Build.0 = Release|Any CPU
		{3CD9AAA2-2097-4874-9C40-FFDE26EE8E43}.Release|x64.ActiveCfg = Release|Any CPU
		{3CD9AAA2-2097-4874-9C40-FFDE26EE8E43}.Release|x64.Build.0 = Release|Any CPU
		{3CD9AAA2-2097-4874-9C40-FFDE26EE8E43}.Release|x86.ActiveCfg = Release|Any CPU
		{3CD9AAA2-2097-4874-9C40-FFDE26EE8E43}.Release|x86.Build.0 = Release|Any CPU
		{B1A2C3D4-E5F6-7890-ABCD-EF1234567890}.Debug|Any CPU.ActiveCfg = Debug|Any CPU
		{B1A2C3D4-E5F6-7890-ABCD-EF1234567890}.Debug|Any CPU.Build.0 = Debug|Any CPU
		{B1A2C3D4-E5F6-7890-ABCD-EF1234567890}.Debug|x64.ActiveCfg = Debug|Any CPU
		{B1A2C3D4-E5F6-7890-ABCD-EF1234567890}.Debug|x64.Build.0 = Debug|Any CPU
		{B1A2C3D4-E5F6-7890-ABCD-EF1234567890}.Debug|x86.ActiveCfg = Debug|Any CPU
		{B1A2C3D4-E5F6-7890-ABCD-EF1234567890}.Debug|x86.Build.0 = Debug|Any CPU
		{B1A2C3D4-E5F6-7890-ABCD-EF1234567890}.Release|Any CPU.ActiveCfg = Release|Any CPU
		{B1A2C3D4-E5F6-7890-ABCD-EF1234567890}.Release|Any CPU.Build.0 = Release|Any CPU
		{B1A2C3D4-E5F6-7890-ABCD-EF1234567890}.Release|x64.ActiveCfg = Release|Any CPU
		{B1A2C3D4-E5F6-7890-ABCD-EF1234567890}.Release|x64.Build.0 = Release|Any CPU
		{B1A2C3D4-E5F6-7890-ABCD-EF1234567890}.Release|x86.ActiveCfg = Release|Any CPU
		{B1A2C3D4-E5F6-7890-ABCD-EF1234567890}.Release|x86.Build.0 = Release|Any CPU
		{A2B3C4D5-E6F7-8901-BCDE-F12345678901}.Debug|Any CPU.ActiveCfg = Debug|Any CPU
		{A2B3C4D5-E6F7-8901-BCDE-F12345678901}.Debug|Any CPU.Build.0 = Debug|Any CPU
		{A2B3C4D5-E6F7-8901-BCDE-F12345678901}.Debug|x64.ActiveCfg = Debug|Any CPU
		{A2B3C4D5-E6F7-8901-BCDE-F12345678901}.Debug|x64.Build.0 = Debug|Any CPU
		{A2B3C4D5-E6F7-8901-BCDE-F12345678901}.Debug|x86.ActiveCfg = Debug|Any CPU
		{A2B3C4D5-E6F7-8901-BCDE-F12345678901}.Debug|x86.Build.0 = Debug|Any CPU
		{A2B3C4D5-E6F7-8901-BCDE-F12345678901}.Release|Any CPU.ActiveCfg = Release|Any CPU
		{A2B3C4D5-E6F7-8901-BCDE-F12345678901}.Release|Any CPU.Build.0 = Release|Any CPU
		{A2B3C4D5-E6F7-8901-BCDE-F12345678901}.Release|x64.ActiveCfg = Release|Any CPU
		{A2B3C4D5-E6F7-8901-BCDE-F12345678901}.Release|x64.Build.0 = Release|Any CPU
		{A2B3C4D5-E6F7-8901-BCDE-F12345678901}.Release|x86.ActiveCfg = Release|Any CPU
		{A2B3C4D5-E6F7-8901-BCDE-F12345678901}.Release|x86.Build.0 = Release|Any CPU
		{E5F6A7B8-C9D0-1234-EF01-234567890123}.Debug|Any CPU.ActiveCfg = Debug|Any CPU
		{E5F6A7B8-C9D0-1234-EF01-234567890123}.Debug|Any CPU.Build.0 = Debug|Any CPU
		{E5F6A7B8-C9D0-1234-EF01-234567890123}.Debug|x64.ActiveCfg = Debug|Any CPU
		{E5F6A7B8-C9D0-1234-EF01-234567890123}.Debug|x64.Build.0 = Debug|Any CPU
		{E5F6A7B8-C9D0-1234-EF01-234567890123}.Debug|x86.ActiveCfg = Debug|Any CPU
		{E5F6A7B8-C9D0-1234-EF01-234567890123}.Debug|x86.Build.0 = Debug|Any CPU
		{E5F6A7B8-C9D0-1234-EF01-234567890123}.Release|Any CPU.ActiveCfg = Release|Any CPU
		{E5F6A7B8-C9D0-1234-EF01-234567890123}.Release|Any CPU.Build.0 = Release|Any CPU
		{E5F6A7B8-C9D0-1234-EF01-234567890123}.Release|x64.ActiveCfg = Release|Any CPU
		{E5F6A7B8-C9D0-1234-EF01-234567890123}.Release|x64.Build.0 = Release|Any CPU
		{E5F6A7B8-C9D0-1234-EF01-234567890123}.Release|x86.ActiveCfg = Release|Any CPU
		{E5F6A7B8-C9D0-1234-EF01-234567890123}.Release|x86.Build.0 = Release|Any CPU
		{C3D4E5F6-A7B8-9012-CDEF-012345678902}.Debug|Any CPU.ActiveCfg = Debug|Any CPU
		{C3D4E5F6-A7B8-9012-CDEF-012345678902}.Debug|Any CPU.Build.0 = Debug|Any CPU
		{C3D4E5F6-A7B8-9012-CDEF-012345678902}.Debug|x64.ActiveCfg = Debug|Any CPU
		{C3D4E5F6-A7B8-9012-CDEF-012345678902}.Debug|x64.Build.0 = Debug|Any CPU
		{C3D4E5F6-A7B8-9012-CDEF-012345678902}.Debug|x86.ActiveCfg = Debug|Any CPU
		{C3D4E5F6-A7B8-9012-CDEF-012345678902}.Debug|x86.Build.0 = Debug|Any CPU
		{C3D4E5F6-A7B8-9012-CDEF-012345678902}.Release|Any CPU.ActiveCfg = Release|Any CPU
		{C3D4E5F6-A7B8-9012-CDEF-012345678902}.Release|Any CPU.Build.0 = Release|Any CPU
		{C3D4E5F6-A7B8-9012-CDEF-012345678902}.Release|x64.ActiveCfg = Release|Any CPU
		{C3D4E5F6-A7B8-9012-CDEF-012345678902}.Release|x64.Build.0 = Release|Any CPU
		{C3D4E5F6-A7B8-9012-CDEF-012345678902}.Release|x86.ActiveCfg = Release|Any CPU
		{C3D4E5F6-A7B8-9012-CDEF-012345678902}.Release|x86.Build.0 = Release|Any CPU
		{3A92D8D6-0359-4752-91AE-D8A59622518A}.Debug|Any CPU.ActiveCfg = Debug|Any CPU
		{3A92D8D6-0359-4752-91AE-D8A59622518A}.Debug|Any CPU.Build.0 = Debug|Any CPU
		{3A92D8D6-0359-4752-91AE-D8A59622518A}.Debug|x64.ActiveCfg = Debug|Any CPU
		{3A92D8D6-0359-4752-91AE-D8A59622518A}.Debug|x64.Build.0 = Debug|Any CPU
		{3A92D8D6-0359-4752-91AE-D8A59622518A}.Debug|x86.ActiveCfg = Debug|Any CPU
		{3A92D8D6-0359-4752-91AE-D8A59622518A}.Debug|x86.Build.0 = Debug|Any CPU
		{3A92D8D6-0359-4752-91AE-D8A59622518A}.Release|Any CPU.ActiveCfg = Release|Any CPU
		{3A92D8D6-0359-4752-91AE-D8A59622518A}.Release|Any CPU.Build.0 = Release|Any CPU
		{3A92D8D6-0359-4752-91AE-D8A59622518A}.Release|x64.ActiveCfg = Release|Any CPU
		{3A92D8D6-0359-4752-91AE-D8A59622518A}.Release|x64.Build.0 = Release|Any CPU
		{3A92D8D6-0359-4752-91AE-D8A59622518A}.Release|x86.ActiveCfg = Release|Any CPU
		{3A92D8D6-0359-4752-91AE-D8A59622518A}.Release|x86.Build.0 = Release|Any CPU
		{D4E5F6A7-B8C9-0123-DEF0-123456789012}.Debug|Any CPU.ActiveCfg = Debug|Any CPU
		{D4E5F6A7-B8C9-0123-DEF0-123456789012}.Debug|Any CPU.Build.0 = Debug|Any CPU
		{D4E5F6A7-B8C9-0123-DEF0-123456789012}.Debug|x64.ActiveCfg = Debug|Any CPU
		{D4E5F6A7-B8C9-0123-DEF0-123456789012}.Debug|x64.Build.0 = Debug|Any CPU
		{D4E5F6A7-B8C9-0123-DEF0-123456789012}.Debug|x86.ActiveCfg = Debug|Any CPU
		{D4E5F6A7-B8C9-0123-DEF0-123456789012}.Debug|x86.Build.0 = Debug|Any CPU
		{D4E5F6A7-B8C9-0123-DEF0-123456789012}.Release|Any CPU.ActiveCfg = Release|Any CPU
		{D4E5F6A7-B8C9-0123-DEF0-123456789012}.Release|Any CPU.Build.0 = Release|Any CPU
		{D4E5F6A7-B8C9-0123-DEF0-123456789012}.Release|x64.ActiveCfg = Release|Any CPU
		{D4E5F6A7-B8C9-0123-DEF0-123456789012}.Release|x64.Build.0 = Release|Any CPU
		{D4E5F6A7-B8C9-0123-DEF0-123456789012}.Release|x86.ActiveCfg = Release|Any CPU
		{D4E5F6A7-B8C9-0123-DEF0-123456789012}.Release|x86.Build.0 = Release|Any CPU
		{87562331-C9E9-4574-A0F3-4422D399711F}.Debug|Any CPU.ActiveCfg = Debug|Any CPU
		{87562331-C9E9-4574-A0F3-4422D399711F}.Debug|Any CPU.Build.0 = Debug|Any CPU
		{87562331-C9E9-4574-A0F3-4422D399711F}.Debug|x64.ActiveCfg = Debug|Any CPU
		{87562331-C9E9-4574-A0F3-4422D399711F}.Debug|x64.Build.0 = Debug|Any CPU
		{87562331-C9E9-4574-A0F3-4422D399711F}.Debug|x86.ActiveCfg = Debug|Any CPU
		{87562331-C9E9-4574-A0F3-4422D399711F}.Debug|x86.Build.0 = Debug|Any CPU
		{87562331-C9E9-4574-A0F3-4422D399711F}.Release|Any CPU.ActiveCfg = Release|Any CPU
		{87562331-C9E9-4574-A0F3-4422D399711F}.Release|Any CPU.Build.0 = Release|Any CPU
		{87562331-C9E9-4574-A0F3-4422D399711F}.Release|x64.ActiveCfg = Release|Any CPU
		{87562331-C9E9-4574-A0F3-4422D399711F}.Release|x64.Build.0 = Release|Any CPU
		{87562331-C9E9-4574-A0F3-4422D399711F}.Release|x86.ActiveCfg = Release|Any CPU
		{87562331-C9E9-4574-A0F3-4422D399711F}.Release|x86.Build.0 = Release|Any CPU
	EndGlobalSection
	GlobalSection(SolutionProperties) = preSolution
		HideSolutionNode = FALSE
	EndGlobalSection
	GlobalSection(NestedProjects) = preSolution
		{3CD9AAA2-2097-4874-9C40-FFDE26EE8E43} = {F36BD266-CD75-4438-9BF9-CD91CDB18F2B}
		{B1A2C3D4-E5F6-7890-ABCD-EF1234567890} = {F36BD266-CD75-4438-9BF9-CD91CDB18F2B}
		{A2B3C4D5-E6F7-8901-BCDE-F12345678901} = {F36BD266-CD75-4438-9BF9-CD91CDB18F2B}
		{E5F6A7B8-C9D0-1234-EF01-234567890123} = {F36BD266-CD75-4438-9BF9-CD91CDB18F2B}
		{C3D4E5F6-A7B8-9012-CDEF-012345678902} = {F36BD266-CD75-4438-9BF9-CD91CDB18F2B}
		{3A92D8D6-0359-4752-91AE-D8A59622518A} = {1EF69307-274F-458E-BBE8-4D390512A8C6}
		{D4E5F6A7-B8C9-0123-DEF0-123456789012} = {1EF69307-274F-458E-BBE8-4D390512A8C6}
		{87562331-C9E9-4574-A0F3-4422D399711F} = {1EF69307-274F-458E-BBE8-4D390512A8C6}
	EndGlobalSection
EndGlobal
